
Microsoft Visual Studio Solution File, Format Version 12.00
# Visual Studio 2012
Project("{8BC9CEB8-8B4A-11D0-8D11-00A0C91BC942}") = "Homework1", "Homework1\Homework1.vcxproj", "{0BE0AB03-935C-4D7B-935B-2D15C9B6CD69}"
EndProject
Project("{8BC9CEB8-8B4A-11D0-8D11-00A0C91BC942}") = "SolarSystem", "SolarSystem\SolarSystem.vcxproj", "{4E70B271-B7C2-40F1-9672-BE0BABC16185}"
EndProject
Global
	GlobalSection(SolutionConfigurationPlatforms) = preSolution
		Debug|Win32 = Debug|Win32
		Release|Win32 = Release|Win32
	EndGlobalSection
	GlobalSection(ProjectConfigurationPlatforms) = postSolution
		{0BE0AB03-935C-4D7B-935B-2D15C9B6CD69}.Debug|Win32.ActiveCfg = Debug|Win32
		{0BE0AB03-935C-4D7B-935B-2D15C9B6CD69}.Debug|Win32.Build.0 = Debug|Win32
		{0BE0AB03-935C-4D7B-935B-2D15C9B6CD69}.Release|Win32.ActiveCfg = Release|Win32
		{0BE0AB03-935C-4D7B-935B-2D15C9B6CD69}.Release|Win32.Build.0 = Release|Win32
		{4E70B271-B7C2-40F1-9672-BE0BABC16185}.Debug|Win32.ActiveCfg = Debug|Win32
		{4E70B271-B7C2-40F1-9672-BE0BABC16185}.Debug|Win32.Build.0 = Debug|Win32
		{4E70B271-B7C2-40F1-9672-BE0BABC16185}.Release|Win32.ActiveCfg = Release|Win32
		{4E70B271-B7C2-40F1-9672-BE0BABC16185}.Release|Win32.Build.0 = Release|Win32
	EndGlobalSection
	GlobalSection(SolutionProperties) = preSolution
		HideSolutionNode = FALSE
	EndGlobalSection
EndGlobal
